
Microsoft Visual Studio Solution File, Format Version 11.00
# Visual Studio 2010
Project("{8BC9CEB8-8B4A-11D0-8D11-00A0C91BC942}") = "dimv", "dimv\dimv.vcxproj", "{5DEF9B46-9D99-45DE-8445-65396D5F105F}"
EndProject
Project("{54435603-DBB4-11D2-8724-00A0C9A8B90C}") = "dimv_setup", "dimv_setup\dimv_setup.vdproj", "{B495A0DE-39E0-40DE-BF88-21D5F70F9F69}"
EndProject
Global
	GlobalSection(SolutionConfigurationPlatforms) = preSolution
		Debug|Win32 = Debug|Win32
		Release|Win32 = Release|Win32
	EndGlobalSection
	GlobalSection(ProjectConfigurationPlatforms) = postSolution
		{5DEF9B46-9D99-45DE-8445-65396D5F105F}.Debug|Win32.ActiveCfg = Debug|Win32
		{5DEF9B46-9D99-45DE-8445-65396D5F105F}.Debug|Win32.Build.0 = Debug|Win32
		{5DEF9B46-9D99-45DE-8445-65396D5F105F}.Release|Win32.ActiveCfg = Release|Win32
		{5DEF9B46-9D99-45DE-8445-65396D5F105F}.Release|Win32.Build.0 = Release|Win32
		{B495A0DE-39E0-40DE-BF88-21D5F70F9F69}.Debug|Win32.ActiveCfg = Debug
		{B495A0DE-39E0-40DE-BF88-21D5F70F9F69}.Release|Win32.ActiveCfg = Release
	EndGlobalSection
	GlobalSection(SolutionProperties) = preSolution
		HideSolutionNode = FALSE
	EndGlobalSection
EndGlobal
